
Microsoft Visual Studio Solution File, Format Version 12.00
# Visual Studio 15
VisualStudioVersion = 15.0.27130.0
MinimumVisualStudioVersion = 10.0.40219.1
Project("{FAE04EC0-301F-11D3-BF4B-00C04F79EFBC}") = "PhysicExperiment", "PhysicExperiment\PhysicExperiment.csproj", "{B31D0E57-777B-4800-A626-0D5DCE4247E2}"
EndProject
Project("{FAE04EC0-301F-11D3-BF4B-00C04F79EFBC}") = "DAL", "DAL\DAL.csproj", "{A9B76C6E-75EE-451F-97DB-98B793BC4298}"
EndProject
Project("{FAE04EC0-301F-11D3-BF4B-00C04F79EFBC}") = "BLL", "BLL\BLL.csproj", "{347F8754-46CB-4271-A62F-8447EA80B124}"
EndProject
Global
	GlobalSection(SolutionConfigurationPlatforms) = preSolution
		Debug|Any CPU = Debug|Any CPU
		Release|Any CPU = Release|Any CPU
	EndGlobalSection
	GlobalSection(ProjectConfigurationPlatforms) = postSolution
		{B31D0E57-777B-4800-A626-0D5DCE4247E2}.Debug|Any CPU.ActiveCfg = Debug|Any CPU
		{B31D0E57-777B-4800-A626-0D5DCE4247E2}.Debug|Any CPU.Build.0 = Debug|Any CPU
		{B31D0E57-777B-4800-A626-0D5DCE4247E2}.Release|Any CPU.ActiveCfg = Release|Any CPU
		{B31D0E57-777B-4800-A626-0D5DCE4247E2}.Release|Any CPU.Build.0 = Release|Any CPU
		{A9B76C6E-75EE-451F-97DB-98B793BC4298}.Debug|Any CPU.ActiveCfg = Debug|Any CPU
		{A9B76C6E-75EE-451F-97DB-98B793BC4298}.Debug|Any CPU.Build.0 = Debug|Any CPU
		{A9B76C6E-75EE-451F-97DB-98B793BC4298}.Release|Any CPU.ActiveCfg = Release|Any CPU
		{A9B76C6E-75EE-451F-97DB-98B793BC4298}.Release|Any CPU.Build.0 = Release|Any CPU
		{347F8754-46CB-4271-A62F-8447EA80B124}.Debug|Any CPU.ActiveCfg = Debug|Any CPU
		{347F8754-46CB-4271-A62F-8447EA80B124}.Debug|Any CPU.Build.0 = Debug|Any CPU
		{347F8754-46CB-4271-A62F-8447EA80B124}.Release|Any CPU.ActiveCfg = Release|Any CPU
		{347F8754-46CB-4271-A62F-8447EA80B124}.Release|Any CPU.Build.0 = Release|Any CPU
	EndGlobalSection
	GlobalSection(SolutionProperties) = preSolution
		HideSolutionNode = FALSE
	EndGlobalSection
	GlobalSection(ExtensibilityGlobals) = postSolution
		SolutionGuid = {AA5358B1-3773-4C36-8D11-69833A21E81B}
	EndGlobalSection
EndGlobal
